
Microsoft Visual Studio Solution File, Format Version 12.00
# Visual Studio Version 17
VisualStudioVersion = 17.13.35818.85
MinimumVisualStudioVersion = 10.0.40219.1
Project("{FAE04EC0-301F-11D3-BF4B-00C04F79EFBC}") = "PetShopStore", "PetShopStore\PetShopStore.csproj", "{161577A8-A820-4881-8E04-AA3688F0D54E}"
EndProject
Project("{FAE04EC0-301F-11D3-BF4B-00C04F79EFBC}") = "PetShopCore", "PetShopCore\PetShopCore.csproj", "{35685D0F-520B-497B-A859-56FB73770F3D}"
EndProject
Project("{FAE04EC0-301F-11D3-BF4B-00C04F79EFBC}") = "PetShopInfrastructure", "PetShopInfrastructure\PetShopInfrastructure.csproj", "{A342071B-8A45-4139-8DDB-776BE5247880}"
EndProject
Project("{2150E333-8FDC-42A3-9474-1A3956D46DE8}") = "DevExtreme NuGet.config", "DevExtreme NuGet.config", "{02EA681E-C7D8-13C7-8484-4AC65E1B71E8}"
	ProjectSection(SolutionItems) = preProject
		NuGet.config = NuGet.config
	EndProjectSection
EndProject
Global
	GlobalSection(SolutionConfigurationPlatforms) = preSolution
		Debug|Any CPU = Debug|Any CPU
		Release|Any CPU = Release|Any CPU
	EndGlobalSection
	GlobalSection(ProjectConfigurationPlatforms) = postSolution
		{161577A8-A820-4881-8E04-AA3688F0D54E}.Debug|Any CPU.ActiveCfg = Debug|Any CPU
		{161577A8-A820-4881-8E04-AA3688F0D54E}.Debug|Any CPU.Build.0 = Debug|Any CPU
		{161577A8-A820-4881-8E04-AA3688F0D54E}.Release|Any CPU.ActiveCfg = Release|Any CPU
		{161577A8-A820-4881-8E04-AA3688F0D54E}.Release|Any CPU.Build.0 = Release|Any CPU
		{35685D0F-520B-497B-A859-56FB73770F3D}.Debug|Any CPU.ActiveCfg = Debug|Any CPU
		{35685D0F-520B-497B-A859-56FB73770F3D}.Debug|Any CPU.Build.0 = Debug|Any CPU
		{35685D0F-520B-497B-A859-56FB73770F3D}.Release|Any CPU.ActiveCfg = Release|Any CPU
		{35685D0F-520B-497B-A859-56FB73770F3D}.Release|Any CPU.Build.0 = Release|Any CPU
		{A342071B-8A45-4139-8DDB-776BE5247880}.Debug|Any CPU.ActiveCfg = Debug|Any CPU
		{A342071B-8A45-4139-8DDB-776BE5247880}.Debug|Any CPU.Build.0 = Debug|Any CPU
		{A342071B-8A45-4139-8DDB-776BE5247880}.Release|Any CPU.ActiveCfg = Release|Any CPU
		{A342071B-8A45-4139-8DDB-776BE5247880}.Release|Any CPU.Build.0 = Release|Any CPU
	EndGlobalSection
	GlobalSection(SolutionProperties) = preSolution
		HideSolutionNode = FALSE
	EndGlobalSection
	GlobalSection(ExtensibilityGlobals) = postSolution
		SolutionGuid = {974CD21B-A205-4FD0-B128-1C5BF4F42E62}
	EndGlobalSection
EndGlobal
